
Microsoft Visual Studio Solution File, Format Version 12.00
# Visual Studio Version 16
VisualStudioVersion = 16.0.32901.84
MinimumVisualStudioVersion = 10.0.40219.1
Project("{FAE04EC0-301F-11D3-BF4B-00C04F79EFBC}") = "BritInsurance_Automation", "BritInsurance_Automation\BritInsurance_Automation.csproj", "{AB524C45-5A26-4623-A089-3D0B644B87A9}"
EndProject
Global
	GlobalSection(SolutionConfigurationPlatforms) = preSolution
		Debug|Any CPU = Debug|Any CPU
		Release|Any CPU = Release|Any CPU
	EndGlobalSection
	GlobalSection(ProjectConfigurationPlatforms) = postSolution
		{AB524C45-5A26-4623-A089-3D0B644B87A9}.Debug|Any CPU.ActiveCfg = Debug|Any CPU
		{AB524C45-5A26-4623-A089-3D0B644B87A9}.Debug|Any CPU.Build.0 = Debug|Any CPU
		{AB524C45-5A26-4623-A089-3D0B644B87A9}.Release|Any CPU.ActiveCfg = Release|Any CPU
		{AB524C45-5A26-4623-A089-3D0B644B87A9}.Release|Any CPU.Build.0 = Release|Any CPU
	EndGlobalSection
	GlobalSection(SolutionProperties) = preSolution
		HideSolutionNode = FALSE
	EndGlobalSection
	GlobalSection(ExtensibilityGlobals) = postSolution
		SolutionGuid = {F311DCB0-7E4A-483D-9C66-5A0FD632E21B}
	EndGlobalSection
EndGlobal
